// !$*UTF8*$!
{
	archiveVersion = 1;
	classes = {
	};
	objectVersion = 56;
	objects = {

/* Begin PBXBuildFile section */
		DDCA2321292FA5C400C8A9D7 /* AppDelegate.swift in Sources */ = {isa = PBXBuildFile; fileRef = DDCA2320292FA5C400C8A9D7 /* AppDelegate.swift */; };
		DDCA2323292FA5C400C8A9D7 /* SceneDelegate.swift in Sources */ = {isa = PBXBuildFile; fileRef = DDCA2322292FA5C400C8A9D7 /* SceneDelegate.swift */; };
		DDCA2325292FA5C400C8A9D7 /* ViewController.swift in Sources */ = {isa = PBXBuildFile; fileRef = DDCA2324292FA5C400C8A9D7 /* ViewController.swift */; };
		DDCA2328292FA5C400C8A9D7 /* Main.storyboard in Resources */ = {isa = PBXBuildFile; fileRef = DDCA2326292FA5C400C8A9D7 /* Main.storyboard */; };
		DDCA232A292FA5C700C8A9D7 /* Assets.xcassets in Resources */ = {isa = PBXBuildFile; fileRef = DDCA2329292FA5C700C8A9D7 /* Assets.xcassets */; };
		DDCA232D292FA5C700C8A9D7 /* LaunchScreen.storyboard in Resources */ = {isa = PBXBuildFile; fileRef = DDCA232B292FA5C700C8A9D7 /* LaunchScreen.storyboard */; };
		DDCA2335292FA60400C8A9D7 /* UIFontName.swift in Sources */ = {isa = PBXBuildFile; fileRef = DDCA2334292FA60400C8A9D7 /* UIFontName.swift */; };
		DDCA2339292FA7FF00C8A9D7 /* OpenSans-SemiBold.ttf in Resources */ = {isa = PBXBuildFile; fileRef = DDCA2338292FA7FF00C8A9D7 /* OpenSans-SemiBold.ttf */; };
		DDCA233B292FAB1200C8A9D7 /* TitilliumWeb-SemiBold.ttf in Resources */ = {isa = PBXBuildFile; fileRef = DDCA233A292FAB1200C8A9D7 /* TitilliumWeb-SemiBold.ttf */; };
/* End PBXBuildFile section */

/* Begin PBXFileReference section */
		DDCA231D292FA5C400C8A9D7 /* UIFontName.app */ = {isa = PBXFileReference; explicitFileType = wrapper.application; includeInIndex = 0; path = UIFontName.app; sourceTree = BUILT_PRODUCTS_DIR; };
		DDCA2320292FA5C400C8A9D7 /* AppDelegate.swift */ = {isa = PBXFileReference; lastKnownFileType = sourcecode.swift; path = AppDelegate.swift; sourceTree = "<group>"; };
		DDCA2322292FA5C400C8A9D7 /* SceneDelegate.swift */ = {isa = PBXFileReference; lastKnownFileType = sourcecode.swift; path = SceneDelegate.swift; sourceTree = "<group>"; };
		DDCA2324292FA5C400C8A9D7 /* ViewController.swift */ = {isa = PBXFileReference; lastKnownFileType = sourcecode.swift; path = ViewController.swift; sourceTree = "<group>"; };
		DDCA2327292FA5C400C8A9D7 /* Base */ = {isa = PBXFileReference; lastKnownFileType = file.storyboard; name = Base; path = Base.lproj/Main.storyboard; sourceTree = "<group>"; };
		DDCA2329292FA5C700C8A9D7 /* Assets.xcassets */ = {isa = PBXFileReference; lastKnownFileType = folder.assetcatalog; path = Assets.xcassets; sourceTree = "<group>"; };
		DDCA232C292FA5C700C8A9D7 /* Base */ = {isa = PBXFileReference; lastKnownFileType = file.storyboard; name = Base; path = Base.lproj/LaunchScreen.storyboard; sourceTree = "<group>"; };
		DDCA232E292FA5C700C8A9D7 /* Info.plist */ = {isa = PBXFileReference; lastKnownFileType = text.plist.xml; path = Info.plist; sourceTree = "<group>"; };
		DDCA2334292FA60400C8A9D7 /* UIFontName.swift */ = {isa = PBXFileReference; lastKnownFileType = sourcecode.swift; path = UIFontName.swift; sourceTree = "<group>"; };
		DDCA2338292FA7FF00C8A9D7 /* OpenSans-SemiBold.ttf */ = {isa = PBXFileReference; lastKnownFileType = file; path = "OpenSans-SemiBold.ttf"; sourceTree = "<group>"; };
		DDCA233A292FAB1200C8A9D7 /* TitilliumWeb-SemiBold.ttf */ = {isa = PBXFileReference; lastKnownFileType = file; path = "TitilliumWeb-SemiBold.ttf"; sourceTree = "<group>"; };
/* End PBXFileReference section */

/* Begin PBXFrameworksBuildPhase section */
		DDCA231A292FA5C400C8A9D7 /* Frameworks */ = {
			isa = PBXFrameworksBuildPhase;
			buildActionMask = 2147483647;
			files = (
			);
			runOnlyForDeploymentPostprocessing = 0;
		};
/* End PBXFrameworksBuildPhase section */

/* Begin PBXGroup section */
		DDCA2314292FA5C400C8A9D7 = {
			isa = PBXGroup;
			children = (
				DDCA231F292FA5C400C8A9D7 /* UIFontName */,
				DDCA231E292FA5C400C8A9D7 /* Products */,
			);
			sourceTree = "<group>";
		};
		DDCA231E292FA5C400C8A9D7 /* Products */ = {
			isa = PBXGroup;
			children = (
				DDCA231D292FA5C400C8A9D7 /* UIFontName.app */,
			);
			name = Products;
			sourceTree = "<group>";
		};
		DDCA231F292FA5C400C8A9D7 /* UIFontName */ = {
			isa = PBXGroup;
			children = (
				DDCA2338292FA7FF00C8A9D7 /* OpenSans-SemiBold.ttf */,
				DDCA233A292FAB1200C8A9D7 /* TitilliumWeb-SemiBold.ttf */,
				DDCA2320292FA5C400C8A9D7 /* AppDelegate.swift */,
				DDCA2322292FA5C400C8A9D7 /* SceneDelegate.swift */,
				DDCA2324292FA5C400C8A9D7 /* ViewController.swift */,
				DDCA2326292FA5C400C8A9D7 /* Main.storyboard */,
				DDCA2329292FA5C700C8A9D7 /* Assets.xcassets */,
				DDCA232B292FA5C700C8A9D7 /* LaunchScreen.storyboard */,
				DDCA232E292FA5C700C8A9D7 /* Info.plist */,
				DDCA2334292FA60400C8A9D7 /* UIFontName.swift */,
			);
			path = UIFontName;
			sourceTree = "<group>";
		};
/* End PBXGroup section */

/* Begin PBXNativeTarget section */
		DDCA231C292FA5C400C8A9D7 /* UIFontName */ = {
			isa = PBXNativeTarget;
			buildConfigurationList = DDCA2331292FA5C700C8A9D7 /* Build configuration list for PBXNativeTarget "UIFontName" */;
			buildPhases = (
				DDCA2319292FA5C400C8A9D7 /* Sources */,
				DDCA231A292FA5C400C8A9D7 /* Frameworks */,
				DDCA231B292FA5C400C8A9D7 /* Resources */,
			);
			buildRules = (
			);
			dependencies = (
			);
			name = UIFontName;
			productName = UIFontName;
			productReference = DDCA231D292FA5C400C8A9D7 /* UIFontName.app */;
			productType = "com.apple.product-type.application";
		};
/* End PBXNativeTarget section */

/* Begin PBXProject section */
		DDCA2315292FA5C400C8A9D7 /* Project object */ = {
			isa = PBXProject;
			attributes = {
				BuildIndependentTargetsInParallel = 1;
				LastSwiftUpdateCheck = 1400;
				LastUpgradeCheck = 1400;
				TargetAttributes = {
					DDCA231C292FA5C400C8A9D7 = {
						CreatedOnToolsVersion = 14.0.1;
					};
				};
			};
			buildConfigurationList = DDCA2318292FA5C400C8A9D7 /* Build configuration list for PBXProject "UIFontName" */;
			compatibilityVersion = "Xcode 14.0";
			developmentRegion = en;
			hasScannedForEncodings = 0;
			knownRegions = (
				en,
				Base,
			);
			mainGroup = DDCA2314292FA5C400C8A9D7;
			productRefGroup = DDCA231E292FA5C400C8A9D7 /* Products */;
			projectDirPath = "";
			projectRoot = "";
			targets = (
				DDCA231C292FA5C400C8A9D7 /* UIFontName */,
			);
		};
/* End PBXProject section */

/* Begin PBXResourcesBuildPhase section */
		DDCA231B292FA5C400C8A9D7 /* Resources */ = {
			isa = PBXResourcesBuildPhase;
			buildActionMask = 2147483647;
			files = (
				DDCA2339292FA7FF00C8A9D7 /* OpenSans-SemiBold.ttf in Resources */,
				DDCA232D292FA5C700C8A9D7 /* LaunchScreen.storyboard in Resources */,
				DDCA232A292FA5C700C8A9D7 /* Assets.xcassets in Resources */,
				DDCA233B292FAB1200C8A9D7 /* TitilliumWeb-SemiBold.ttf in Resources */,
				DDCA2328292FA5C400C8A9D7 /* Main.storyboard in Resources */,
			);
			runOnlyForDeploymentPostprocessing = 0;
		};
/* End PBXResourcesBuildPhase section */

/* Begin PBXSourcesBuildPhase section */
		DDCA2319292FA5C400C8A9D7 /* Sources */ = {
			isa = PBXSourcesBuildPhase;
			buildActionMask = 2147483647;
			files = (
				DDCA2325292FA5C400C8A9D7 /* ViewController.swift in Sources */,
				DDCA2335292FA60400C8A9D7 /* UIFontName.swift in Sources */,
				DDCA2321292FA5C400C8A9D7 /* AppDelegate.swift in Sources */,
				DDCA2323292FA5C400C8A9D7 /* SceneDelegate.swift in Sources */,
			);
			runOnlyForDeploymentPostprocessing = 0;
		};
/* End PBXSourcesBuildPhase section */

/* Begin PBXVariantGroup section */
		DDCA2326292FA5C400C8A9D7 /* Main.storyboard */ = {
			isa = PBXVariantGroup;
			children = (
				DDCA2327292FA5C400C8A9D7 /* Base */,
			);
			name = Main.storyboard;
			sourceTree = "<group>";
		};
		DDCA232B292FA5C700C8A9D7 /* LaunchScreen.storyboard */ = {
			isa = PBXVariantGroup;
			children = (
				DDCA232C292FA5C700C8A9D7 /* Base */,
			);
			name = LaunchScreen.storyboard;
			sourceTree = "<group>";
		};
/* End PBXVariantGroup section */

/* Begin XCBuildConfiguration section */
		DDCA232F292FA5C700C8A9D7 /* Debug */ = {
			isa = XCBuildConfiguration;
			buildSettings = {
				ALWAYS_SEARCH_USER_PATHS = NO;
				CLANG_ANALYZER_NONNULL = YES;
				CLANG_ANALYZER_NUMBER_OBJECT_CONVERSION = YES_AGGRESSIVE;
				CLANG_CXX_LANGUAGE_STANDARD = "gnu++20";
				CLANG_ENABLE_MODULES = YES;
				CLANG_ENABLE_OBJC_ARC = YES;
				CLANG_ENABLE_OBJC_WEAK = YES;
				CLANG_WARN_BLOCK_CAPTURE_AUTORELEASING = YES;
				CLANG_WARN_BOOL_CONVERSION = YES;
				CLANG_WARN_COMMA = YES;
				CLANG_WARN_CONSTANT_CONVERSION = YES;
				CLANG_WARN_DEPRECATED_OBJC_IMPLEMENTATIONS = YES;
				CLANG_WARN_DIRECT_OBJC_ISA_USAGE = YES_ERROR;
				CLANG_WARN_DOCUMENTATION_COMMENTS = YES;
				CLANG_WARN_EMPTY_BODY = YES;
				CLANG_WARN_ENUM_CONVERSION = YES;
				CLANG_WARN_INFINITE_RECURSION = YES;
				CLANG_WARN_INT_CONVERSION = YES;
				CLANG_WARN_NON_LITERAL_NULL_CONVERSION = YES;
				CLANG_WARN_OBJC_IMPLICIT_RETAIN_SELF = YES;
				CLANG_WARN_OBJC_LITERAL_CONVERSION = YES;
				CLANG_WARN_OBJC_ROOT_CLASS = YES_ERROR;
				CLANG_WARN_QUOTED_INCLUDE_IN_FRAMEWORK_HEADER = YES;
				CLANG_WARN_RANGE_LOOP_ANALYSIS = YES;
				CLANG_WARN_STRICT_PROTOTYPES = YES;
				CLANG_WARN_SUSPICIOUS_MOVE = YES;
				CLANG_WARN_UNGUARDED_AVAILABILITY = YES_AGGRESSIVE;
				CLANG_WARN_UNREACHABLE_CODE = YES;
				CLANG_WARN__DUPLICATE_METHOD_MATCH = YES;
				COPY_PHASE_STRIP = NO;
				DEBUG_INFORMATION_FORMAT = dwarf;
				ENABLE_STRICT_OBJC_MSGSEND = YES;
				ENABLE_TESTABILITY = YES;
				GCC_C_LANGUAGE_STANDARD = gnu11;
				GCC_DYNAMIC_NO_PIC = NO;
				GCC_NO_COMMON_BLOCKS = YES;
				GCC_OPTIMIZATION_LEVEL = 0;
				GCC_PREPROCESSOR_DEFINITIONS = (
					"DEBUG=1",
					"$(inherited)",
				);
				GCC_WARN_64_TO_32_BIT_CONVERSION = YES;
				GCC_WARN_ABOUT_RETURN_TYPE = YES_ERROR;
				GCC_WARN_UNDECLARED_SELECTOR = YES;
				GCC_WARN_UNINITIALIZED_AUTOS = YES_AGGRESSIVE;
				GCC_WARN_UNUSED_FUNCTION = YES;
				GCC_WARN_UNUSED_VARIABLE = YES;
				IPHONEOS_DEPLOYMENT_TARGET = 16.0;
				MTL_ENABLE_DEBUG_INFO = INCLUDE_SOURCE;
				MTL_FAST_MATH = YES;
				ONLY_ACTIVE_ARCH = YES;
				SDKROOT = iphoneos;
				SWIFT_ACTIVE_COMPILATION_CONDITIONS = DEBUG;
				SWIFT_OPTIMIZATION_LEVEL = "-Onone";
			};
			name = Debug;
		};
		DDCA2330292FA5C700C8A9D7 /* Release */ = {
			isa = XCBuildConfiguration;
			buildSettings = {
				ALWAYS_SEARCH_USER_PATHS = NO;
				CLANG_ANALYZER_NONNULL = YES;
				CLANG_ANALYZER_NUMBER_OBJECT_CONVERSION = YES_AGGRESSIVE;
				CLANG_CXX_LANGUAGE_STANDARD = "gnu++20";
				CLANG_ENABLE_MODULES = YES;
				CLANG_ENABLE_OBJC_ARC = YES;
				CLANG_ENABLE_OBJC_WEAK = YES;
				CLANG_WARN_BLOCK_CAPTURE_AUTORELEASING = YES;
				CLANG_WARN_BOOL_CONVERSION = YES;
				CLANG_WARN_COMMA = YES;
				CLANG_WARN_CONSTANT_CONVERSION = YES;
				CLANG_WARN_DEPRECATED_OBJC_IMPLEMENTATIONS = YES;
				CLANG_WARN_DIRECT_OBJC_ISA_USAGE = YES_ERROR;
				CLANG_WARN_DOCUMENTATION_COMMENTS = YES;
				CLANG_WARN_EMPTY_BODY = YES;
				CLANG_WARN_ENUM_CONVERSION = YES;
				CLANG_WARN_INFINITE_RECURSION = YES;
				CLANG_WARN_INT_CONVERSION = YES;
				CLANG_WARN_NON_LITERAL_NULL_CONVERSION = YES;
				CLANG_WARN_OBJC_IMPLICIT_RETAIN_SELF = YES;
				CLANG_WARN_OBJC_LITERAL_CONVERSION = YES;
				CLANG_WARN_OBJC_ROOT_CLASS = YES_ERROR;
				CLANG_WARN_QUOTED_INCLUDE_IN_FRAMEWORK_HEADER = YES;
				CLANG_WARN_RANGE_LOOP_ANALYSIS = YES;
				CLANG_WARN_STRICT_PROTOTYPES = YES;
				CLANG_WARN_SUSPICIOUS_MOVE = YES;
				CLANG_WARN_UNGUARDED_AVAILABILITY = YES_AGGRESSIVE;
				CLANG_WARN_UNREACHABLE_CODE = YES;
				CLANG_WARN__DUPLICATE_METHOD_MATCH = YES;
				COPY_PHASE_STRIP = NO;
				DEBUG_INFORMATION_FORMAT = "dwarf-with-dsym";
				ENABLE_NS_ASSERTIONS = NO;
				ENABLE_STRICT_OBJC_MSGSEND = YES;
				GCC_C_LANGUAGE_STANDARD = gnu11;
				GCC_NO_COMMON_BLOCKS = YES;
				GCC_WARN_64_TO_32_BIT_CONVERSION = YES;
				GCC_WARN_ABOUT_RETURN_TYPE = YES_ERROR;
				GCC_WARN_UNDECLARED_SELECTOR = YES;
				GCC_WARN_UNINITIALIZED_AUTOS = YES_AGGRESSIVE;
				GCC_WARN_UNUSED_FUNCTION = YES;
				GCC_WARN_UNUSED_VARIABLE = YES;
				IPHONEOS_DEPLOYMENT_TARGET = 16.0;
				MTL_ENABLE_DEBUG_INFO = NO;
				MTL_FAST_MATH = YES;
				SDKROOT = iphoneos;
				SWIFT_COMPILATION_MODE = wholemodule;
				SWIFT_OPTIMIZATION_LEVEL = "-O";
				VALIDATE_PRODUCT = YES;
			};
			name = Release;
		};
		DDCA2332292FA5C700C8A9D7 /* Debug */ = {
			isa = XCBuildConfiguration;
			buildSettings = {
				ASSETCATALOG_COMPILER_APPICON_NAME = AppIcon;
				ASSETCATALOG_COMPILER_GLOBAL_ACCENT_COLOR_NAME = AccentColor;
				CODE_SIGN_STYLE = Automatic;
				CURRENT_PROJECT_VERSION = 1;
				DEVELOPMENT_TEAM = 5A99UJRU6D;
				GENERATE_INFOPLIST_FILE = YES;
				INFOPLIST_FILE = UIFontName/Info.plist;
				INFOPLIST_KEY_UIApplicationSupportsIndirectInputEvents = YES;
				INFOPLIST_KEY_UILaunchStoryboardName = LaunchScreen;
				INFOPLIST_KEY_UIMainStoryboardFile = Main;
				INFOPLIST_KEY_UISupportedInterfaceOrientations_iPad = "UIInterfaceOrientationPortrait UIInterfaceOrientationPortraitUpsideDown UIInterfaceOrientationLandscapeLeft UIInterfaceOrientationLandscapeRight";
				INFOPLIST_KEY_UISupportedInterfaceOrientations_iPhone = "UIInterfaceOrientationPortrait UIInterfaceOrientationLandscapeLeft UIInterfaceOrientationLandscapeRight";
				LD_RUNPATH_SEARCH_PATHS = (
					"$(inherited)",
					"@executable_path/Frameworks",
				);
				MARKETING_VERSION = 1.0;
				PRODUCT_BUNDLE_IDENTIFIER = andrespaladinesgarcia.UIFontName;
				PRODUCT_NAME = "$(TARGET_NAME)";
				SWIFT_EMIT_LOC_STRINGS = YES;
				SWIFT_VERSION = 5.0;
				TARGETED_DEVICE_FAMILY = "1,2";
			};
			name = Debug;
		};
		DDCA2333292FA5C700C8A9D7 /* Release */ = {
			isa = XCBuildConfiguration;
			buildSettings = {
				ASSETCATALOG_COMPILER_APPICON_NAME = AppIcon;
				ASSETCATALOG_COMPILER_GLOBAL_ACCENT_COLOR_NAME = AccentColor;
				CODE_SIGN_STYLE = Automatic;
				CURRENT_PROJECT_VERSION = 1;
				DEVELOPMENT_TEAM = 5A99UJRU6D;
				GENERATE_INFOPLIST_FILE = YES;
				INFOPLIST_FILE = UIFontName/Info.plist;
				INFOPLIST_KEY_UIApplicationSupportsIndirectInputEvents = YES;
				INFOPLIST_KEY_UILaunchStoryboardName = LaunchScreen;
				INFOPLIST_KEY_UIMainStoryboardFile = Main;
				INFOPLIST_KEY_UISupportedInterfaceOrientations_iPad = "UIInterfaceOrientationPortrait UIInterfaceOrientationPortraitUpsideDown UIInterfaceOrientationLandscapeLeft UIInterfaceOrientationLandscapeRight";
				INFOPLIST_KEY_UISupportedInterfaceOrientations_iPhone = "UIInterfaceOrientationPortrait UIInterfaceOrientationLandscapeLeft UIInterfaceOrientationLandscapeRight";
				LD_RUNPATH_SEARCH_PATHS = (
					"$(inherited)",
					"@executable_path/Frameworks",
				);
				MARKETING_VERSION = 1.0;
				PRODUCT_BUNDLE_IDENTIFIER = andrespaladinesgarcia.UIFontName;
				PRODUCT_NAME = "$(TARGET_NAME)";
				SWIFT_EMIT_LOC_STRINGS = YES;
				SWIFT_VERSION = 5.0;
				TARGETED_DEVICE_FAMILY = "1,2";
			};
			name = Release;
		};
/* End XCBuildConfiguration section */

/* Begin XCConfigurationList section */
		DDCA2318292FA5C400C8A9D7 /* Build configuration list for PBXProject "UIFontName" */ = {
			isa = XCConfigurationList;
			buildConfigurations = (
				DDCA232F292FA5C700C8A9D7 /* Debug */,
				DDCA2330292FA5C700C8A9D7 /* Release */,
			);
			defaultConfigurationIsVisible = 0;
			defaultConfigurationName = Release;
		};
		DDCA2331292FA5C700C8A9D7 /* Build configuration list for PBXNativeTarget "UIFontName" */ = {
			isa = XCConfigurationList;
			buildConfigurations = (
				DDCA2332292FA5C700C8A9D7 /* Debug */,
				DDCA2333292FA5C700C8A9D7 /* Release */,
			);
			defaultConfigurationIsVisible = 0;
			defaultConfigurationName = Release;
		};
/* End XCConfigurationList section */
	};
	rootObject = DDCA2315292FA5C400C8A9D7 /* Project object */;
}
